{
  "nodes": {
    "nixpkgs": {
      "locked": {
        "lastModified": 1789485310,
        "narHash": "sha256-VsDMTLSkAAJmbNha6sGNzlF33X7RESWLl3SnjDQu+4U=",
        "owner": "NixOS",
        "repo": "nixpkgs",
        "rev": "0c32f40fe3e2a9adfc427fd5abc061a31043ea44",
        "type": "github"
      },
      "original": {
        "owner": "NixOS",
        "ref": "nixpkgs-26.05-darwin",
        "repo": "nixpkgs",
        "type": "github"
      }
    },
    "root": {
      "inputs": {
        "nixpkgs": "nixpkgs"
      }
    }
  },
  "root": "root",
  "version": 7
}
